{
  "version": 4,
  "terraform_version": "1.4.6",
  "serial": 19,
  "lineage": "b76c7335-9592-1943-0089-1cc2c1597227",
  "outputs": {},
  "resources": [
    {
      "module": "module.autoscaling[\"ex-2\"]",
      "mode": "data",
      "type": "aws_default_tags",
      "name": "current",
      "provider": "provider[\"registry.terraform.io/hashicorp/aws\"]",
      "instances": [
        {
          "schema_version": 0,
          "attributes": {
            "id": "aws",
            "tags": {}
          },
          "sensitive_attributes": []
        }
      ]
    },
    {
      "module": "module.autoscaling[\"ex-2\"]",
      "mode": "data",
      "type": "aws_iam_policy_document",
      "name": "assume_role_policy",
      "provider": "provider[\"registry.terraform.io/hashicorp/aws\"]",
      "instances": [
        {
          "index_key": 0,
          "schema_version": 0,
          "attributes": {
            "id": "1256122602",
            "json": "{\n  \"Version\": \"2012-10-17\",\n  \"Statement\": [\n    {\n      \"Sid\": \"EC2AssumeRole\",\n      \"Effect\": \"Allow\",\n      \"Action\": \"sts:AssumeRole\",\n      \"Principal\": {\n        \"Service\": \"ec2.amazonaws.com\"\n      }\n    }\n  ]\n}",
            "override_policy_documents": null,
            "policy_id": null,
            "source_policy_documents": null,
            "statement": [
              {
                "actions": [
                  "sts:AssumeRole"
                ],
                "condition": [],
                "effect": "Allow",
                "not_actions": [],
                "not_principals": [],
                "not_resources": [],
                "principals": [
                  {
                    "identifiers": [
                      "ec2.amazonaws.com"
                    ],
                    "type": "Service"
                  }
                ],
                "resources": [],
                "sid": "EC2AssumeRole"
              }
            ],
            "version": "2012-10-17"
          },
          "sensitive_attributes": []
        }
      ]
    },
    {
      "module": "module.autoscaling[\"ex-2\"]",
      "mode": "data",
      "type": "aws_partition",
      "name": "current",
      "provider": "provider[\"registry.terraform.io/hashicorp/aws\"]",
      "instances": [
        {
          "schema_version": 0,
          "attributes": {
            "dns_suffix": "amazonaws.com",
            "id": "aws",
            "partition": "aws",
            "reverse_dns_prefix": "com.amazonaws"
          },
          "sensitive_attributes": []
        }
      ]
    },
    {
      "module": "module.autoscaling[\"ex-2\"]",
      "mode": "managed",
      "type": "aws_autoscaling_group",
      "name": "idc",
      "provider": "provider[\"registry.terraform.io/hashicorp/aws\"]",
      "instances": [
        {
          "index_key": 0,
          "schema_version": 1,
          "attributes": {
            "arn": "arn:aws:autoscaling:us-east-1:523616670904:autoScalingGroup:b929175e-dc72-4eca-b768-ca2605bb9816:autoScalingGroupName/raffa-moreira-blog-ex-2-20230816225708709600000001",
            "availability_zones": [
              "us-east-1a",
              "us-east-1b",
              "us-east-1c",
              "us-east-1d",
              "us-east-1e",
              "us-east-1f"
            ],
            "capacity_rebalance": false,
            "context": "",
            "default_cooldown": 300,
            "default_instance_warmup": 0,
            "desired_capacity": 1,
            "desired_capacity_type": "",
            "enabled_metrics": null,
            "force_delete": false,
            "force_delete_warm_pool": false,
            "health_check_grace_period": 300,
            "health_check_type": "EC2",
            "id": "raffa-moreira-blog-ex-2-20230816225708709600000001",
            "ignore_failed_scaling_activities": false,
            "initial_lifecycle_hook": [],
            "instance_refresh": [],
            "launch_configuration": "",
            "launch_template": [],
            "load_balancers": [],
            "max_instance_lifetime": 0,
            "max_size": 2,
            "metrics_granularity": "1Minute",
            "min_elb_capacity": null,
            "min_size": 1,
            "mixed_instances_policy": [
              {
                "instances_distribution": [
                  {
                    "on_demand_allocation_strategy": "prioritized",
                    "on_demand_base_capacity": 0,
                    "on_demand_percentage_above_base_capacity": 0,
                    "spot_allocation_strategy": "price-capacity-optimized",
                    "spot_instance_pools": 0,
                    "spot_max_price": ""
                  }
                ],
                "launch_template": [
                  {
                    "launch_template_specification": [
                      {
                        "launch_template_id": "lt-058de6b02a577e6d5",
                        "launch_template_name": "raffa-moreira-blog-ex-2-20230816224936252000000001",
                        "version": "1"
                      }
                    ],
                    "override": [
                      {
                        "instance_requirements": [],
                        "instance_type": "t2.micro",
                        "launch_template_specification": [],
                        "weighted_capacity": "1"
                      }
                    ]
                  }
                ]
              }
            ],
            "name": "raffa-moreira-blog-ex-2-20230816225708709600000001",
            "name_prefix": "raffa-moreira-blog-ex-2-",
            "placement_group": "",
            "predicted_capacity": 0,
            "protect_from_scale_in": true,
            "service_linked_role_arn": "arn:aws:iam::523616670904:role/aws-service-role/autoscaling.amazonaws.com/AWSServiceRoleForAutoScaling",
            "suspended_processes": null,
            "tag": [
              {
                "key": "AmazonECSManaged",
                "propagate_at_launch": true,
                "value": "true"
              },
              {
                "key": "Example",
                "propagate_at_launch": true,
                "value": "raffa-moreira-blog"
              },
              {
                "key": "Name",
                "propagate_at_launch": true,
                "value": "raffa-moreira-blog-ex-2"
              }
            ],
            "target_group_arns": [],
            "termination_policies": [],
            "timeouts": {
              "delete": null,
              "update": null
            },
            "traffic_source": [],
            "vpc_zone_identifier": [
              "subnet-013886b925586f7f6",
              "subnet-0391540e599112b2e",
              "subnet-04e2d605de261c87a",
              "subnet-081ae99231eb8245b",
              "subnet-0aecfc69b985b7b87",
              "subnet-0b8163255c2f43175"
            ],
            "wait_for_capacity_timeout": "10m",
            "wait_for_elb_capacity": null,
            "warm_pool": [],
            "warm_pool_size": 0
          },
          "sensitive_attributes": [],
          "private": "eyJlMmJmYjczMC1lY2FhLTExZTYtOGY4OC0zNDM2M2JjN2M0YzAiOnsiZGVsZXRlIjo2MDAwMDAwMDAwMDAsInVwZGF0ZSI6NjAwMDAwMDAwMDAwfSwic2NoZW1hX3ZlcnNpb24iOiIxIn0=",
          "dependencies": [
            "module.autoscaling.aws_launch_template.this",
            "module.autoscaling.data.aws_default_tags.current"
          ],
          "create_before_destroy": true
        }
      ]
    },
    {
      "module": "module.autoscaling[\"ex-2\"]",
      "mode": "managed",
      "type": "aws_iam_instance_profile",
      "name": "this",
      "provider": "provider[\"registry.terraform.io/hashicorp/aws\"]",
      "instances": [
        {
          "index_key": 0,
          "schema_version": 0,
          "attributes": {
            "arn": "arn:aws:iam::523616670904:instance-profile/raffa-moreira-blog-20230816224834559400000002",
            "create_date": "2023-08-16T22:48:34Z",
            "id": "raffa-moreira-blog-20230816224834559400000002",
            "name": "raffa-moreira-blog-20230816224834559400000002",
            "name_prefix": "raffa-moreira-blog-",
            "path": "/",
            "role": "raffa-moreira-blog-20230816224833440600000001",
            "tags": {
              "Example": "raffa-moreira-blog",
              "Name": "raffa-moreira-blog"
            },
            "tags_all": {
              "Example": "raffa-moreira-blog",
              "Name": "raffa-moreira-blog"
            },
            "unique_id": "AIPAXT2P4KS4BXROLMYJX"
          },
          "sensitive_attributes": [],
          "private": "bnVsbA==",
          "dependencies": [
            "module.autoscaling.aws_iam_role.this",
            "module.autoscaling.data.aws_iam_policy_document.assume_role_policy",
            "module.autoscaling.data.aws_partition.current"
          ],
          "create_before_destroy": true
        }
      ]
    },
    {
      "module": "module.autoscaling[\"ex-2\"]",
      "mode": "managed",
      "type": "aws_iam_role",
      "name": "this",
      "provider": "provider[\"registry.terraform.io/hashicorp/aws\"]",
      "instances": [
        {
          "index_key": 0,
          "schema_version": 0,
          "attributes": {
            "arn": "arn:aws:iam::523616670904:role/raffa-moreira-blog-20230816224833440600000001",
            "assume_role_policy": "{\"Statement\":[{\"Action\":\"sts:AssumeRole\",\"Effect\":\"Allow\",\"Principal\":{\"Service\":\"ec2.amazonaws.com\"},\"Sid\":\"EC2AssumeRole\"}],\"Version\":\"2012-10-17\"}",
            "create_date": "2023-08-16T22:48:34Z",
            "description": "ECS role for raffa-moreira-blog",
            "force_detach_policies": true,
            "id": "raffa-moreira-blog-20230816224833440600000001",
            "inline_policy": [],
            "managed_policy_arns": [
              "arn:aws:iam::aws:policy/AmazonSSMManagedInstanceCore",
              "arn:aws:iam::aws:policy/service-role/AmazonEC2ContainerServiceforEC2Role"
            ],
            "max_session_duration": 3600,
            "name": "raffa-moreira-blog-20230816224833440600000001",
            "name_prefix": "raffa-moreira-blog-",
            "path": "/",
            "permissions_boundary": null,
            "tags": {
              "Example": "raffa-moreira-blog",
              "Name": "raffa-moreira-blog"
            },
            "tags_all": {
              "Example": "raffa-moreira-blog",
              "Name": "raffa-moreira-blog"
            },
            "unique_id": "AROAXT2P4KS4PKSBTNAXV"
          },
          "sensitive_attributes": [],
          "private": "bnVsbA==",
          "dependencies": [
            "module.autoscaling.data.aws_iam_policy_document.assume_role_policy",
            "module.autoscaling.data.aws_partition.current"
          ],
          "create_before_destroy": true
        }
      ]
    },
    {
      "module": "module.autoscaling[\"ex-2\"]",
      "mode": "managed",
      "type": "aws_iam_role_policy_attachment",
      "name": "this",
      "provider": "provider[\"registry.terraform.io/hashicorp/aws\"]",
      "instances": [
        {
          "index_key": "AmazonEC2ContainerServiceforEC2Role",
          "schema_version": 0,
          "attributes": {
            "id": "raffa-moreira-blog-20230816224833440600000001-20230816224834905100000004",
            "policy_arn": "arn:aws:iam::aws:policy/service-role/AmazonEC2ContainerServiceforEC2Role",
            "role": "raffa-moreira-blog-20230816224833440600000001"
          },
          "sensitive_attributes": [],
          "private": "bnVsbA==",
          "dependencies": [
            "module.autoscaling.aws_iam_role.this",
            "module.autoscaling.data.aws_iam_policy_document.assume_role_policy",
            "module.autoscaling.data.aws_partition.current"
          ]
        },
        {
          "index_key": "AmazonSSMManagedInstanceCore",
          "schema_version": 0,
          "attributes": {
            "id": "raffa-moreira-blog-20230816224833440600000001-20230816224834739900000003",
            "policy_arn": "arn:aws:iam::aws:policy/AmazonSSMManagedInstanceCore",
            "role": "raffa-moreira-blog-20230816224833440600000001"
          },
          "sensitive_attributes": [],
          "private": "bnVsbA==",
          "dependencies": [
            "module.autoscaling.aws_iam_role.this",
            "module.autoscaling.data.aws_iam_policy_document.assume_role_policy",
            "module.autoscaling.data.aws_partition.current"
          ]
        }
      ]
    },
    {
      "module": "module.autoscaling[\"ex-2\"]",
      "mode": "managed",
      "type": "aws_launch_template",
      "name": "this",
      "provider": "provider[\"registry.terraform.io/hashicorp/aws\"]",
      "instances": [
        {
          "index_key": 0,
          "schema_version": 0,
          "attributes": {
            "arn": "arn:aws:ec2:us-east-1:523616670904:launch-template/lt-058de6b02a577e6d5",
            "block_device_mappings": [],
            "capacity_reservation_specification": [],
            "cpu_options": [],
            "credit_specification": [],
            "default_version": 1,
            "description": "",
            "disable_api_stop": false,
            "disable_api_termination": false,
            "ebs_optimized": "",
            "elastic_gpu_specifications": [],
            "elastic_inference_accelerator": [],
            "enclave_options": [],
            "hibernation_options": [],
            "iam_instance_profile": [
              {
                "arn": "arn:aws:iam::523616670904:instance-profile/raffa-moreira-blog-20230816224834559400000002",
                "name": ""
              }
            ],
            "id": "lt-058de6b02a577e6d5",
            "image_id": "ami-0ff8a91507f77f867",
            "instance_initiated_shutdown_behavior": "",
            "instance_market_options": [],
            "instance_requirements": [],
            "instance_type": "t2.micro",
            "kernel_id": "",
            "key_name": "",
            "latest_version": 1,
            "license_specification": [],
            "maintenance_options": [],
            "metadata_options": [],
            "monitoring": [
              {
                "enabled": true
              }
            ],
            "name": "raffa-moreira-blog-ex-2-20230816224936252000000001",
            "name_prefix": "raffa-moreira-blog-ex-2-",
            "network_interfaces": [],
            "placement": [],
            "private_dns_name_options": [],
            "ram_disk_id": "",
            "security_group_names": [],
            "tag_specifications": [],
            "tags": {
              "Example": "raffa-moreira-blog",
              "Name": "raffa-moreira-blog"
            },
            "tags_all": {
              "Example": "raffa-moreira-blog",
              "Name": "raffa-moreira-blog"
            },
            "update_default_version": null,
            "user_data": "IyEvYmluL2Jhc2gKY2F0IDw8J0VPRicgPj4gL2V0Yy9lY3MvZWNzLmNvbmZpZ3MKRUNTX0NMVVNURVI9cmFmZmEtbW9yZWlyYS1ibG9nCkVDU19MT0dMRVZFTD1kZWJ1ZwpFQ1NfQ09OVEFJTkVSX0lOU1RBTkNFX1RBR1M9eyJFeGFtcGxlIjoicmFmZmEtbW9yZWlyYS1ibG9nIiwiTmFtZSI6InJhZmZhLW1vcmVpcmEtYmxvZyJ9CkVDU19FTkFCTEVfVEFTS19JQU1fUk9MRT10cnVlCkVDU19FTkFCTEVfU1BPVF9JTlNUQU5DRV9EUkFJTklORz10cnVlCkVPRgo=",
            "vpc_security_group_ids": []
          },
          "sensitive_attributes": [],
          "private": "bnVsbA==",
          "dependencies": [
            "module.autoscaling.aws_iam_instance_profile.this",
            "module.autoscaling.aws_iam_role.this",
            "module.autoscaling.data.aws_iam_policy_document.assume_role_policy",
            "module.autoscaling.data.aws_partition.current"
          ],
          "create_before_destroy": true
        }
      ]
    },
    {
      "module": "module.ecr",
      "mode": "data",
      "type": "aws_caller_identity",
      "name": "current",
      "provider": "provider[\"registry.terraform.io/hashicorp/aws\"]",
      "instances": [
        {
          "schema_version": 0,
          "attributes": {
            "account_id": "523616670904",
            "arn": "arn:aws:iam::523616670904:user/alberico",
            "id": "523616670904",
            "user_id": "AIDAXT2P4KS4FU3T6TB7I"
          },
          "sensitive_attributes": []
        }
      ]
    },
    {
      "module": "module.ecr",
      "mode": "data",
      "type": "aws_iam_policy_document",
      "name": "repository",
      "provider": "provider[\"registry.terraform.io/hashicorp/aws\"]",
      "instances": [
        {
          "index_key": 0,
          "schema_version": 0,
          "attributes": {
            "id": "243792708",
            "json": "{\n  \"Version\": \"2012-10-17\",\n  \"Statement\": [\n    {\n      \"Sid\": \"PrivateReadOnly\",\n      \"Effect\": \"Allow\",\n      \"Action\": [\n        \"ecr:ListTagsForResource\",\n        \"ecr:ListImages\",\n        \"ecr:GetRepositoryPolicy\",\n        \"ecr:GetLifecyclePolicyPreview\",\n        \"ecr:GetLifecyclePolicy\",\n        \"ecr:GetDownloadUrlForLayer\",\n        \"ecr:GetAuthorizationToken\",\n        \"ecr:DescribeRepositories\",\n        \"ecr:DescribeImages\",\n        \"ecr:DescribeImageScanFindings\",\n        \"ecr:BatchGetImage\",\n        \"ecr:BatchCheckLayerAvailability\"\n      ],\n      \"Principal\": {\n        \"AWS\": \"arn:aws:iam::523616670904:root\"\n      }\n    }\n  ]\n}",
            "override_policy_documents": null,
            "policy_id": null,
            "source_policy_documents": null,
            "statement": [
              {
                "actions": [
                  "ecr:BatchCheckLayerAvailability",
                  "ecr:BatchGetImage",
                  "ecr:DescribeImageScanFindings",
                  "ecr:DescribeImages",
                  "ecr:DescribeRepositories",
                  "ecr:GetAuthorizationToken",
                  "ecr:GetDownloadUrlForLayer",
                  "ecr:GetLifecyclePolicy",
                  "ecr:GetLifecyclePolicyPreview",
                  "ecr:GetRepositoryPolicy",
                  "ecr:ListImages",
                  "ecr:ListTagsForResource"
                ],
                "condition": [],
                "effect": "Allow",
                "not_actions": [],
                "not_principals": [],
                "not_resources": [],
                "principals": [
                  {
                    "identifiers": [
                      "arn:aws:iam::523616670904:root"
                    ],
                    "type": "AWS"
                  }
                ],
                "resources": [],
                "sid": "PrivateReadOnly"
              }
            ],
            "version": "2012-10-17"
          },
          "sensitive_attributes": []
        }
      ]
    },
    {
      "module": "module.ecr",
      "mode": "data",
      "type": "aws_partition",
      "name": "current",
      "provider": "provider[\"registry.terraform.io/hashicorp/aws\"]",
      "instances": [
        {
          "schema_version": 0,
          "attributes": {
            "dns_suffix": "amazonaws.com",
            "id": "aws",
            "partition": "aws",
            "reverse_dns_prefix": "com.amazonaws"
          },
          "sensitive_attributes": []
        }
      ]
    },
    {
      "module": "module.ecr",
      "mode": "managed",
      "type": "aws_ecr_lifecycle_policy",
      "name": "this",
      "provider": "provider[\"registry.terraform.io/hashicorp/aws\"]",
      "instances": [
        {
          "index_key": 0,
          "schema_version": 0,
          "attributes": {
            "id": "blog-do-raffa-moreira",
            "policy": "{\"rules\":[{\"action\":{\"type\":\"expire\"},\"description\":\"Keep last 30 images\",\"rulePriority\":1,\"selection\":{\"countNumber\":3,\"countType\":\"imageCountMoreThan\",\"tagPrefixList\":[\"v\"],\"tagStatus\":\"tagged\"}}]}",
            "registry_id": "523616670904",
            "repository": "blog-do-raffa-moreira"
          },
          "sensitive_attributes": [],
          "private": "bnVsbA==",
          "dependencies": [
            "module.ecr.aws_ecr_repository.this"
          ]
        }
      ]
    },
    {
      "module": "module.ecr",
      "mode": "managed",
      "type": "aws_ecr_repository",
      "name": "this",
      "provider": "provider[\"registry.terraform.io/hashicorp/aws\"]",
      "instances": [
        {
          "index_key": 0,
          "schema_version": 0,
          "attributes": {
            "arn": "arn:aws:ecr:us-east-1:523616670904:repository/blog-do-raffa-moreira",
            "encryption_configuration": [
              {
                "encryption_type": "AES256",
                "kms_key": ""
              }
            ],
            "force_delete": null,
            "id": "blog-do-raffa-moreira",
            "image_scanning_configuration": [
              {
                "scan_on_push": true
              }
            ],
            "image_tag_mutability": "IMMUTABLE",
            "name": "blog-do-raffa-moreira",
            "registry_id": "523616670904",
            "repository_url": "523616670904.dkr.ecr.us-east-1.amazonaws.com/blog-do-raffa-moreira",
            "tags": {
              "Environment": "dev",
              "Terraform": "true"
            },
            "tags_all": {
              "Environment": "dev",
              "Terraform": "true"
            },
            "timeouts": null
          },
          "sensitive_attributes": [],
          "private": "eyJlMmJmYjczMC1lY2FhLTExZTYtOGY4OC0zNDM2M2JjN2M0YzAiOnsiZGVsZXRlIjoxMjAwMDAwMDAwMDAwfX0="
        }
      ]
    },
    {
      "module": "module.ecr",
      "mode": "managed",
      "type": "aws_ecr_repository_policy",
      "name": "this",
      "provider": "provider[\"registry.terraform.io/hashicorp/aws\"]",
      "instances": [
        {
          "index_key": 0,
          "schema_version": 0,
          "attributes": {
            "id": "blog-do-raffa-moreira",
            "policy": "{\"Statement\":[{\"Action\":[\"ecr:ListTagsForResource\",\"ecr:ListImages\",\"ecr:GetRepositoryPolicy\",\"ecr:GetLifecyclePolicyPreview\",\"ecr:GetLifecyclePolicy\",\"ecr:GetDownloadUrlForLayer\",\"ecr:GetAuthorizationToken\",\"ecr:DescribeRepositories\",\"ecr:DescribeImages\",\"ecr:DescribeImageScanFindings\",\"ecr:BatchGetImage\",\"ecr:BatchCheckLayerAvailability\"],\"Effect\":\"Allow\",\"Principal\":{\"AWS\":\"arn:aws:iam::523616670904:root\"},\"Sid\":\"PrivateReadOnly\"}],\"Version\":\"2012-10-17\"}",
            "registry_id": "523616670904",
            "repository": "blog-do-raffa-moreira"
          },
          "sensitive_attributes": [],
          "private": "bnVsbA==",
          "dependencies": [
            "module.ecr.aws_ecr_repository.this",
            "module.ecr.data.aws_caller_identity.current",
            "module.ecr.data.aws_iam_policy_document.repository",
            "module.ecr.data.aws_partition.current"
          ]
        }
      ]
    },
    {
      "module": "module.ecs_cluster.module.cluster",
      "mode": "data",
      "type": "aws_partition",
      "name": "current",
      "provider": "provider[\"registry.terraform.io/hashicorp/aws\"]",
      "instances": [
        {
          "schema_version": 0,
          "attributes": {
            "dns_suffix": "amazonaws.com",
            "id": "aws",
            "partition": "aws",
            "reverse_dns_prefix": "com.amazonaws"
          },
          "sensitive_attributes": []
        }
      ]
    },
    {
      "module": "module.ecs_cluster.module.cluster",
      "mode": "managed",
      "type": "aws_cloudwatch_log_group",
      "name": "this",
      "provider": "provider[\"registry.terraform.io/hashicorp/aws\"]",
      "instances": [
        {
          "index_key": 0,
          "schema_version": 0,
          "attributes": {
            "arn": "arn:aws:logs:us-east-1:523616670904:log-group:/aws/ecs/raffa-moreira-blog",
            "id": "/aws/ecs/raffa-moreira-blog",
            "kms_key_id": "",
            "name": "/aws/ecs/raffa-moreira-blog",
            "name_prefix": "",
            "retention_in_days": 90,
            "skip_destroy": false,
            "tags": {
              "Example": "raffa-moreira-blog",
              "Name": "raffa-moreira-blog"
            },
            "tags_all": {
              "Example": "raffa-moreira-blog",
              "Name": "raffa-moreira-blog"
            }
          },
          "sensitive_attributes": [],
          "private": "bnVsbA=="
        }
      ]
    },
    {
      "module": "module.ecs_cluster.module.cluster",
      "mode": "managed",
      "type": "aws_ecs_capacity_provider",
      "name": "this",
      "provider": "provider[\"registry.terraform.io/hashicorp/aws\"]",
      "instances": [
        {
          "index_key": "ex-2",
          "schema_version": 0,
          "attributes": {
            "arn": "arn:aws:ecs:us-east-1:523616670904:capacity-provider/ex-2",
            "auto_scaling_group_provider": [
              {
                "auto_scaling_group_arn": "arn:aws:autoscaling:us-east-1:523616670904:autoScalingGroup:b929175e-dc72-4eca-b768-ca2605bb9816:autoScalingGroupName/raffa-moreira-blog-ex-2-20230816225708709600000001",
                "managed_scaling": [
                  {
                    "instance_warmup_period": 0,
                    "maximum_scaling_step_size": 15,
                    "minimum_scaling_step_size": 5,
                    "status": "ENABLED",
                    "target_capacity": 90
                  }
                ],
                "managed_termination_protection": "ENABLED"
              }
            ],
            "id": "arn:aws:ecs:us-east-1:523616670904:capacity-provider/ex-2",
            "name": "ex-2",
            "tags": {
              "Example": "raffa-moreira-blog",
              "Name": "raffa-moreira-blog"
            },
            "tags_all": {
              "Example": "raffa-moreira-blog",
              "Name": "raffa-moreira-blog"
            }
          },
          "sensitive_attributes": [],
          "private": "bnVsbA==",
          "dependencies": [
            "module.autoscaling.aws_autoscaling_group.idc",
            "module.autoscaling.aws_autoscaling_group.this",
            "module.autoscaling.aws_launch_template.this",
            "module.autoscaling.data.aws_default_tags.current"
          ]
        }
      ]
    },
    {
      "module": "module.ecs_cluster.module.cluster",
      "mode": "managed",
      "type": "aws_ecs_cluster",
      "name": "this",
      "provider": "provider[\"registry.terraform.io/hashicorp/aws\"]",
      "instances": [
        {
          "index_key": 0,
          "schema_version": 0,
          "attributes": {
            "arn": "arn:aws:ecs:us-east-1:523616670904:cluster/raffa-moreira-blog",
            "configuration": [
              {
                "execute_command_configuration": [
                  {
                    "kms_key_id": "",
                    "log_configuration": [],
                    "logging": "DEFAULT"
                  }
                ]
              }
            ],
            "id": "arn:aws:ecs:us-east-1:523616670904:cluster/raffa-moreira-blog",
            "name": "raffa-moreira-blog",
            "service_connect_defaults": [],
            "setting": [
              {
                "name": "containerInsights",
                "value": "enabled"
              }
            ],
            "tags": {
              "Example": "raffa-moreira-blog",
              "Name": "raffa-moreira-blog"
            },
            "tags_all": {
              "Example": "raffa-moreira-blog",
              "Name": "raffa-moreira-blog"
            }
          },
          "sensitive_attributes": [],
          "private": "bnVsbA==",
          "dependencies": [
            "module.ecs_cluster.module.cluster.aws_cloudwatch_log_group.this"
          ]
        }
      ]
    },
    {
      "module": "module.ecs_cluster.module.cluster",
      "mode": "managed",
      "type": "aws_ecs_cluster_capacity_providers",
      "name": "this",
      "provider": "provider[\"registry.terraform.io/hashicorp/aws\"]",
      "instances": [
        {
          "index_key": 0,
          "schema_version": 0,
          "attributes": {
            "capacity_providers": [
              "ex-2"
            ],
            "cluster_name": "raffa-moreira-blog",
            "default_capacity_provider_strategy": [
              {
                "base": 0,
                "capacity_provider": "ex-2",
                "weight": 40
              }
            ],
            "id": "raffa-moreira-blog"
          },
          "sensitive_attributes": [],
          "private": "bnVsbA==",
          "dependencies": [
            "module.autoscaling.aws_autoscaling_group.idc",
            "module.autoscaling.aws_autoscaling_group.this",
            "module.autoscaling.aws_launch_template.this",
            "module.autoscaling.data.aws_default_tags.current",
            "module.ecs_cluster.module.cluster.aws_ecs_capacity_provider.this",
            "module.ecs_cluster.module.cluster.aws_ecs_cluster.this"
          ]
        }
      ]
    }
  ],
  "check_results": null
}
